                "react-photo-gallery": "^9.0.0",
            "version": "9.0.0",
            "resolved": "https://registry.npmjs.org/react-photo-gallery/-/react-photo-gallery-9.0.0.tgz",
            "integrity": "sha512-replace-this-with-integrity",
                "react": "^17.0.0",
                "react-dom": "^17.0.0"
            "version": "9.0.0",
            "resolved": "https://registry.npmjs.org/react-photo-gallery/-/react-photo-gallery-9.0.0.tgz",
            "integrity": "sha512-replace-this-with-integrity",
